// !$*UTF8*$!
{
	archiveVersion = 1;
	classes = {
	};
	objectVersion = 56;
	objects = {

/* Begin PBXBuildFile section */
		178CFA672AED259F00D2FEC2 /* AppDelegate.swift in Sources */ = {isa = PBXBuildFile; fileRef = 178CFA662AED259F00D2FEC2 /* AppDelegate.swift */; };
		178CFA692AED259F00D2FEC2 /* SceneDelegate.swift in Sources */ = {isa = PBXBuildFile; fileRef = 178CFA682AED259F00D2FEC2 /* SceneDelegate.swift */; };
		178CFA6B2AED259F00D2FEC2 /* ViewController.swift in Sources */ = {isa = PBXBuildFile; fileRef = 178CFA6A2AED259F00D2FEC2 /* ViewController.swift */; };
		178CFA6E2AED259F00D2FEC2 /* Main.storyboard in Resources */ = {isa = PBXBuildFile; fileRef = 178CFA6C2AED259F00D2FEC2 /* Main.storyboard */; };
		178CFA702AED25A000D2FEC2 /* Assets.xcassets in Resources */ = {isa = PBXBuildFile; fileRef = 178CFA6F2AED25A000D2FEC2 /* Assets.xcassets */; };
		178CFA732AED25A000D2FEC2 /* LaunchScreen.storyboard in Resources */ = {isa = PBXBuildFile; fileRef = 178CFA712AED25A000D2FEC2 /* LaunchScreen.storyboard */; };
		178CFA7E2AED25A100D2FEC2 /* eggTimerTests.swift in Sources */ = {isa = PBXBuildFile; fileRef = 178CFA7D2AED25A100D2FEC2 /* eggTimerTests.swift */; };
		178CFA882AED25A100D2FEC2 /* eggTimerUITests.swift in Sources */ = {isa = PBXBuildFile; fileRef = 178CFA872AED25A100D2FEC2 /* eggTimerUITests.swift */; };
		178CFA8A2AED25A100D2FEC2 /* eggTimerUITestsLaunchTests.swift in Sources */ = {isa = PBXBuildFile; fileRef = 178CFA892AED25A100D2FEC2 /* eggTimerUITestsLaunchTests.swift */; };
/* End PBXBuildFile section */

/* Begin PBXContainerItemProxy section */
		178CFA7A2AED25A100D2FEC2 /* PBXContainerItemProxy */ = {
			isa = PBXContainerItemProxy;
			containerPortal = 178CFA5B2AED259F00D2FEC2 /* Project object */;
			proxyType = 1;
			remoteGlobalIDString = 178CFA622AED259F00D2FEC2;
			remoteInfo = eggTimer;
		};
		178CFA842AED25A100D2FEC2 /* PBXContainerItemProxy */ = {
			isa = PBXContainerItemProxy;
			containerPortal = 178CFA5B2AED259F00D2FEC2 /* Project object */;
			proxyType = 1;
			remoteGlobalIDString = 178CFA622AED259F00D2FEC2;
			remoteInfo = eggTimer;
		};
/* End PBXContainerItemProxy section */

/* Begin PBXFileReference section */
		178CFA632AED259F00D2FEC2 /* eggTimer.app */ = {isa = PBXFileReference; explicitFileType = wrapper.application; includeInIndex = 0; path = eggTimer.app; sourceTree = BUILT_PRODUCTS_DIR; };
		178CFA662AED259F00D2FEC2 /* AppDelegate.swift */ = {isa = PBXFileReference; lastKnownFileType = sourcecode.swift; path = AppDelegate.swift; sourceTree = "<group>"; };
		178CFA682AED259F00D2FEC2 /* SceneDelegate.swift */ = {isa = PBXFileReference; lastKnownFileType = sourcecode.swift; path = SceneDelegate.swift; sourceTree = "<group>"; };
		178CFA6A2AED259F00D2FEC2 /* ViewController.swift */ = {isa = PBXFileReference; lastKnownFileType = sourcecode.swift; path = ViewController.swift; sourceTree = "<group>"; };
		178CFA6D2AED259F00D2FEC2 /* Base */ = {isa = PBXFileReference; lastKnownFileType = file.storyboard; name = Base; path = Base.lproj/Main.storyboard; sourceTree = "<group>"; };
		178CFA6F2AED25A000D2FEC2 /* Assets.xcassets */ = {isa = PBXFileReference; lastKnownFileType = folder.assetcatalog; path = Assets.xcassets; sourceTree = "<group>"; };
		178CFA722AED25A000D2FEC2 /* Base */ = {isa = PBXFileReference; lastKnownFileType = file.storyboard; name = Base; path = Base.lproj/LaunchScreen.storyboard; sourceTree = "<group>"; };
		178CFA742AED25A000D2FEC2 /* Info.plist */ = {isa = PBXFileReference; lastKnownFileType = text.plist.xml; path = Info.plist; sourceTree = "<group>"; };
		178CFA792AED25A100D2FEC2 /* eggTimerTests.xctest */ = {isa = PBXFileReference; explicitFileType = wrapper.cfbundle; includeInIndex = 0; path = eggTimerTests.xctest; sourceTree = BUILT_PRODUCTS_DIR; };
		178CFA7D2AED25A100D2FEC2 /* eggTimerTests.swift */ = {isa = PBXFileReference; lastKnownFileType = sourcecode.swift; path = eggTimerTests.swift; sourceTree = "<group>"; };
		178CFA832AED25A100D2FEC2 /* eggTimerUITests.xctest */ = {isa = PBXFileReference; explicitFileType = wrapper.cfbundle; includeInIndex = 0; path = eggTimerUITests.xctest; sourceTree = BUILT_PRODUCTS_DIR; };
		178CFA872AED25A100D2FEC2 /* eggTimerUITests.swift */ = {isa = PBXFileReference; lastKnownFileType = sourcecode.swift; path = eggTimerUITests.swift; sourceTree = "<group>"; };
		178CFA892AED25A100D2FEC2 /* eggTimerUITestsLaunchTests.swift */ = {isa = PBXFileReference; lastKnownFileType = sourcecode.swift; path = eggTimerUITestsLaunchTests.swift; sourceTree = "<group>"; };
/* End PBXFileReference section */

/* Begin PBXFrameworksBuildPhase section */
		178CFA602AED259F00D2FEC2 /* Frameworks */ = {
			isa = PBXFrameworksBuildPhase;
			buildActionMask = 2147483647;
			files = (
			);
			runOnlyForDeploymentPostprocessing = 0;
		};
		178CFA762AED25A100D2FEC2 /* Frameworks */ = {
			isa = PBXFrameworksBuildPhase;
			buildActionMask = 2147483647;
			files = (
			);
			runOnlyForDeploymentPostprocessing = 0;
		};
		178CFA802AED25A100D2FEC2 /* Frameworks */ = {
			isa = PBXFrameworksBuildPhase;
			buildActionMask = 2147483647;
			files = (
			);
			runOnlyForDeploymentPostprocessing = 0;
		};
/* End PBXFrameworksBuildPhase section */

/* Begin PBXGroup section */
		178CFA5A2AED259F00D2FEC2 = {
			isa = PBXGroup;
			children = (
				178CFA652AED259F00D2FEC2 /* eggTimer */,
				178CFA7C2AED25A100D2FEC2 /* eggTimerTests */,
				178CFA862AED25A100D2FEC2 /* eggTimerUITests */,
				178CFA642AED259F00D2FEC2 /* Products */,
			);
			sourceTree = "<group>";
		};
		178CFA642AED259F00D2FEC2 /* Products */ = {
			isa = PBXGroup;
			children = (
				178CFA632AED259F00D2FEC2 /* eggTimer.app */,
				178CFA792AED25A100D2FEC2 /* eggTimerTests.xctest */,
				178CFA832AED25A100D2FEC2 /* eggTimerUITests.xctest */,
			);
			name = Products;
			sourceTree = "<group>";
		};
		178CFA652AED259F00D2FEC2 /* eggTimer */ = {
			isa = PBXGroup;
			children = (
				178CFA662AED259F00D2FEC2 /* AppDelegate.swift */,
				178CFA682AED259F00D2FEC2 /* SceneDelegate.swift */,
				178CFA6A2AED259F00D2FEC2 /* ViewController.swift */,
				178CFA6C2AED259F00D2FEC2 /* Main.storyboard */,
				178CFA6F2AED25A000D2FEC2 /* Assets.xcassets */,
				178CFA712AED25A000D2FEC2 /* LaunchScreen.storyboard */,
				178CFA742AED25A000D2FEC2 /* Info.plist */,
			);
			path = eggTimer;
			sourceTree = "<group>";
		};
		178CFA7C2AED25A100D2FEC2 /* eggTimerTests */ = {
			isa = PBXGroup;
			children = (
				178CFA7D2AED25A100D2FEC2 /* eggTimerTests.swift */,
			);
			path = eggTimerTests;
			sourceTree = "<group>";
		};
		178CFA862AED25A100D2FEC2 /* eggTimerUITests */ = {
			isa = PBXGroup;
			children = (
				178CFA872AED25A100D2FEC2 /* eggTimerUITests.swift */,
				178CFA892AED25A100D2FEC2 /* eggTimerUITestsLaunchTests.swift */,
			);
			path = eggTimerUITests;
			sourceTree = "<group>";
		};
/* End PBXGroup section */

/* Begin PBXNativeTarget section */
		178CFA622AED259F00D2FEC2 /* eggTimer */ = {
			isa = PBXNativeTarget;
			buildConfigurationList = 178CFA8D2AED25A100D2FEC2 /* Build configuration list for PBXNativeTarget "eggTimer" */;
			buildPhases = (
				178CFA5F2AED259F00D2FEC2 /* Sources */,
				178CFA602AED259F00D2FEC2 /* Frameworks */,
				178CFA612AED259F00D2FEC2 /* Resources */,
			);
			buildRules = (
			);
			dependencies = (
			);
			name = eggTimer;
			productName = eggTimer;
			productReference = 178CFA632AED259F00D2FEC2 /* eggTimer.app */;
			productType = "com.apple.product-type.application";
		};
		178CFA782AED25A100D2FEC2 /* eggTimerTests */ = {
			isa = PBXNativeTarget;
			buildConfigurationList = 178CFA902AED25A100D2FEC2 /* Build configuration list for PBXNativeTarget "eggTimerTests" */;
			buildPhases = (
				178CFA752AED25A100D2FEC2 /* Sources */,
				178CFA762AED25A100D2FEC2 /* Frameworks */,
				178CFA772AED25A100D2FEC2 /* Resources */,
			);
			buildRules = (
			);
			dependencies = (
				178CFA7B2AED25A100D2FEC2 /* PBXTargetDependency */,
			);
			name = eggTimerTests;
			productName = eggTimerTests;
			productReference = 178CFA792AED25A100D2FEC2 /* eggTimerTests.xctest */;
			productType = "com.apple.product-type.bundle.unit-test";
		};
		178CFA822AED25A100D2FEC2 /* eggTimerUITests */ = {
			isa = PBXNativeTarget;
			buildConfigurationList = 178CFA932AED25A100D2FEC2 /* Build configuration list for PBXNativeTarget "eggTimerUITests" */;
			buildPhases = (
				178CFA7F2AED25A100D2FEC2 /* Sources */,
				178CFA802AED25A100D2FEC2 /* Frameworks */,
				178CFA812AED25A100D2FEC2 /* Resources */,
			);
			buildRules = (
			);
			dependencies = (
				178CFA852AED25A100D2FEC2 /* PBXTargetDependency */,
			);
			name = eggTimerUITests;
			productName = eggTimerUITests;
			productReference = 178CFA832AED25A100D2FEC2 /* eggTimerUITests.xctest */;
			productType = "com.apple.product-type.bundle.ui-testing";
		};
/* End PBXNativeTarget section */

/* Begin PBXProject section */
		178CFA5B2AED259F00D2FEC2 /* Project object */ = {
			isa = PBXProject;
			attributes = {
				BuildIndependentTargetsInParallel = 1;
				LastSwiftUpdateCheck = 1500;
				LastUpgradeCheck = 1500;
				TargetAttributes = {
					178CFA622AED259F00D2FEC2 = {
						CreatedOnToolsVersion = 15.0;
					};
					178CFA782AED25A100D2FEC2 = {
						CreatedOnToolsVersion = 15.0;
						TestTargetID = 178CFA622AED259F00D2FEC2;
					};
					178CFA822AED25A100D2FEC2 = {
						CreatedOnToolsVersion = 15.0;
						TestTargetID = 178CFA622AED259F00D2FEC2;
					};
				};
			};
			buildConfigurationList = 178CFA5E2AED259F00D2FEC2 /* Build configuration list for PBXProject "eggTimer" */;
			compatibilityVersion = "Xcode 14.0";
			developmentRegion = en;
			hasScannedForEncodings = 0;
			knownRegions = (
				en,
				Base,
			);
			mainGroup = 178CFA5A2AED259F00D2FEC2;
			productRefGroup = 178CFA642AED259F00D2FEC2 /* Products */;
			projectDirPath = "";
			projectRoot = "";
			targets = (
				178CFA622AED259F00D2FEC2 /* eggTimer */,
				178CFA782AED25A100D2FEC2 /* eggTimerTests */,
				178CFA822AED25A100D2FEC2 /* eggTimerUITests */,
			);
		};
/* End PBXProject section */

/* Begin PBXResourcesBuildPhase section */
		178CFA612AED259F00D2FEC2 /* Resources */ = {
			isa = PBXResourcesBuildPhase;
			buildActionMask = 2147483647;
			files = (
				178CFA732AED25A000D2FEC2 /* LaunchScreen.storyboard in Resources */,
				178CFA702AED25A000D2FEC2 /* Assets.xcassets in Resources */,
				178CFA6E2AED259F00D2FEC2 /* Main.storyboard in Resources */,
			);
			runOnlyForDeploymentPostprocessing = 0;
		};
		178CFA772AED25A100D2FEC2 /* Resources */ = {
			isa = PBXResourcesBuildPhase;
			buildActionMask = 2147483647;
			files = (
			);
			runOnlyForDeploymentPostprocessing = 0;
		};
		178CFA812AED25A100D2FEC2 /* Resources */ = {
			isa = PBXResourcesBuildPhase;
			buildActionMask = 2147483647;
			files = (
			);
			runOnlyForDeploymentPostprocessing = 0;
		};
/* End PBXResourcesBuildPhase section */

/* Begin PBXSourcesBuildPhase section */
		178CFA5F2AED259F00D2FEC2 /* Sources */ = {
			isa = PBXSourcesBuildPhase;
			buildActionMask = 2147483647;
			files = (
				178CFA6B2AED259F00D2FEC2 /* ViewController.swift in Sources */,
				178CFA672AED259F00D2FEC2 /* AppDelegate.swift in Sources */,
				178CFA692AED259F00D2FEC2 /* SceneDelegate.swift in Sources */,
			);
			runOnlyForDeploymentPostprocessing = 0;
		};
		178CFA752AED25A100D2FEC2 /* Sources */ = {
			isa = PBXSourcesBuildPhase;
			buildActionMask = 2147483647;
			files = (
				178CFA7E2AED25A100D2FEC2 /* eggTimerTests.swift in Sources */,
			);
			runOnlyForDeploymentPostprocessing = 0;
		};
		178CFA7F2AED25A100D2FEC2 /* Sources */ = {
			isa = PBXSourcesBuildPhase;
			buildActionMask = 2147483647;
			files = (
				178CFA8A2AED25A100D2FEC2 /* eggTimerUITestsLaunchTests.swift in Sources */,
				178CFA882AED25A100D2FEC2 /* eggTimerUITests.swift in Sources */,
			);
			runOnlyForDeploymentPostprocessing = 0;
		};
/* End PBXSourcesBuildPhase section */

/* Begin PBXTargetDependency section */
		178CFA7B2AED25A100D2FEC2 /* PBXTargetDependency */ = {
			isa = PBXTargetDependency;
			target = 178CFA622AED259F00D2FEC2 /* eggTimer */;
			targetProxy = 178CFA7A2AED25A100D2FEC2 /* PBXContainerItemProxy */;
		};
		178CFA852AED25A100D2FEC2 /* PBXTargetDependency */ = {
			isa = PBXTargetDependency;
			target = 178CFA622AED259F00D2FEC2 /* eggTimer */;
			targetProxy = 178CFA842AED25A100D2FEC2 /* PBXContainerItemProxy */;
		};
/* End PBXTargetDependency section */

/* Begin PBXVariantGroup section */
		178CFA6C2AED259F00D2FEC2 /* Main.storyboard */ = {
			isa = PBXVariantGroup;
			children = (
				178CFA6D2AED259F00D2FEC2 /* Base */,
			);
			name = Main.storyboard;
			sourceTree = "<group>";
		};
		178CFA712AED25A000D2FEC2 /* LaunchScreen.storyboard */ = {
			isa = PBXVariantGroup;
			children = (
				178CFA722AED25A000D2FEC2 /* Base */,
			);
			name = LaunchScreen.storyboard;
			sourceTree = "<group>";
		};
/* End PBXVariantGroup section */

/* Begin XCBuildConfiguration section */
		178CFA8B2AED25A100D2FEC2 /* Debug */ = {
			isa = XCBuildConfiguration;
			buildSettings = {
				ALWAYS_SEARCH_USER_PATHS = NO;
				ASSETCATALOG_COMPILER_GENERATE_SWIFT_ASSET_SYMBOL_EXTENSIONS = YES;
				CLANG_ANALYZER_NONNULL = YES;
				CLANG_ANALYZER_NUMBER_OBJECT_CONVERSION = YES_AGGRESSIVE;
				CLANG_CXX_LANGUAGE_STANDARD = "gnu++20";
				CLANG_ENABLE_MODULES = YES;
				CLANG_ENABLE_OBJC_ARC = YES;
				CLANG_ENABLE_OBJC_WEAK = YES;
				CLANG_WARN_BLOCK_CAPTURE_AUTORELEASING = YES;
				CLANG_WARN_BOOL_CONVERSION = YES;
				CLANG_WARN_COMMA = YES;
				CLANG_WARN_CONSTANT_CONVERSION = YES;
				CLANG_WARN_DEPRECATED_OBJC_IMPLEMENTATIONS = YES;
				CLANG_WARN_DIRECT_OBJC_ISA_USAGE = YES_ERROR;
				CLANG_WARN_DOCUMENTATION_COMMENTS = YES;
				CLANG_WARN_EMPTY_BODY = YES;
				CLANG_WARN_ENUM_CONVERSION = YES;
				CLANG_WARN_INFINITE_RECURSION = YES;
				CLANG_WARN_INT_CONVERSION = YES;
				CLANG_WARN_NON_LITERAL_NULL_CONVERSION = YES;
				CLANG_WARN_OBJC_IMPLICIT_RETAIN_SELF = YES;
				CLANG_WARN_OBJC_LITERAL_CONVERSION = YES;
				CLANG_WARN_OBJC_ROOT_CLASS = YES_ERROR;
				CLANG_WARN_QUOTED_INCLUDE_IN_FRAMEWORK_HEADER = YES;
				CLANG_WARN_RANGE_LOOP_ANALYSIS = YES;
				CLANG_WARN_STRICT_PROTOTYPES = YES;
				CLANG_WARN_SUSPICIOUS_MOVE = YES;
				CLANG_WARN_UNGUARDED_AVAILABILITY = YES_AGGRESSIVE;
				CLANG_WARN_UNREACHABLE_CODE = YES;
				CLANG_WARN__DUPLICATE_METHOD_MATCH = YES;
				COPY_PHASE_STRIP = NO;
				DEBUG_INFORMATION_FORMAT = dwarf;
				ENABLE_STRICT_OBJC_MSGSEND = YES;
				ENABLE_TESTABILITY = YES;
				ENABLE_USER_SCRIPT_SANDBOXING = YES;
				GCC_C_LANGUAGE_STANDARD = gnu17;
				GCC_DYNAMIC_NO_PIC = NO;
				GCC_NO_COMMON_BLOCKS = YES;
				GCC_OPTIMIZATION_LEVEL = 0;
				GCC_PREPROCESSOR_DEFINITIONS = (
					"DEBUG=1",
					"$(inherited)",
				);
				GCC_WARN_64_TO_32_BIT_CONVERSION = YES;
				GCC_WARN_ABOUT_RETURN_TYPE = YES_ERROR;
				GCC_WARN_UNDECLARED_SELECTOR = YES;
				GCC_WARN_UNINITIALIZED_AUTOS = YES_AGGRESSIVE;
				GCC_WARN_UNUSED_FUNCTION = YES;
				GCC_WARN_UNUSED_VARIABLE = YES;
				IPHONEOS_DEPLOYMENT_TARGET = 17.0;
				LOCALIZATION_PREFERS_STRING_CATALOGS = YES;
				MTL_ENABLE_DEBUG_INFO = INCLUDE_SOURCE;
				MTL_FAST_MATH = YES;
				ONLY_ACTIVE_ARCH = YES;
				SDKROOT = iphoneos;
				SWIFT_ACTIVE_COMPILATION_CONDITIONS = "DEBUG $(inherited)";
				SWIFT_OPTIMIZATION_LEVEL = "-Onone";
			};
			name = Debug;
		};
		178CFA8C2AED25A100D2FEC2 /* Release */ = {
			isa = XCBuildConfiguration;
			buildSettings = {
				ALWAYS_SEARCH_USER_PATHS = NO;
				ASSETCATALOG_COMPILER_GENERATE_SWIFT_ASSET_SYMBOL_EXTENSIONS = YES;
				CLANG_ANALYZER_NONNULL = YES;
				CLANG_ANALYZER_NUMBER_OBJECT_CONVERSION = YES_AGGRESSIVE;
				CLANG_CXX_LANGUAGE_STANDARD = "gnu++20";
				CLANG_ENABLE_MODULES = YES;
				CLANG_ENABLE_OBJC_ARC = YES;
				CLANG_ENABLE_OBJC_WEAK = YES;
				CLANG_WARN_BLOCK_CAPTURE_AUTORELEASING = YES;
				CLANG_WARN_BOOL_CONVERSION = YES;
				CLANG_WARN_COMMA = YES;
				CLANG_WARN_CONSTANT_CONVERSION = YES;
				CLANG_WARN_DEPRECATED_OBJC_IMPLEMENTATIONS = YES;
				CLANG_WARN_DIRECT_OBJC_ISA_USAGE = YES_ERROR;
				CLANG_WARN_DOCUMENTATION_COMMENTS = YES;
				CLANG_WARN_EMPTY_BODY = YES;
				CLANG_WARN_ENUM_CONVERSION = YES;
				CLANG_WARN_INFINITE_RECURSION = YES;
				CLANG_WARN_INT_CONVERSION = YES;
				CLANG_WARN_NON_LITERAL_NULL_CONVERSION = YES;
				CLANG_WARN_OBJC_IMPLICIT_RETAIN_SELF = YES;
				CLANG_WARN_OBJC_LITERAL_CONVERSION = YES;
				CLANG_WARN_OBJC_ROOT_CLASS = YES_ERROR;
				CLANG_WARN_QUOTED_INCLUDE_IN_FRAMEWORK_HEADER = YES;
				CLANG_WARN_RANGE_LOOP_ANALYSIS = YES;
				CLANG_WARN_STRICT_PROTOTYPES = YES;
				CLANG_WARN_SUSPICIOUS_MOVE = YES;
				CLANG_WARN_UNGUARDED_AVAILABILITY = YES_AGGRESSIVE;
				CLANG_WARN_UNREACHABLE_CODE = YES;
				CLANG_WARN__DUPLICATE_METHOD_MATCH = YES;
				COPY_PHASE_STRIP = NO;
				DEBUG_INFORMATION_FORMAT = "dwarf-with-dsym";
				ENABLE_NS_ASSERTIONS = NO;
				ENABLE_STRICT_OBJC_MSGSEND = YES;
				ENABLE_USER_SCRIPT_SANDBOXING = YES;
				GCC_C_LANGUAGE_STANDARD = gnu17;
				GCC_NO_COMMON_BLOCKS = YES;
				GCC_WARN_64_TO_32_BIT_CONVERSION = YES;
				GCC_WARN_ABOUT_RETURN_TYPE = YES_ERROR;
				GCC_WARN_UNDECLARED_SELECTOR = YES;
				GCC_WARN_UNINITIALIZED_AUTOS = YES_AGGRESSIVE;
				GCC_WARN_UNUSED_FUNCTION = YES;
				GCC_WARN_UNUSED_VARIABLE = YES;
				IPHONEOS_DEPLOYMENT_TARGET = 17.0;
				LOCALIZATION_PREFERS_STRING_CATALOGS = YES;
				MTL_ENABLE_DEBUG_INFO = NO;
				MTL_FAST_MATH = YES;
				SDKROOT = iphoneos;
				SWIFT_COMPILATION_MODE = wholemodule;
				VALIDATE_PRODUCT = YES;
			};
			name = Release;
		};
		178CFA8E2AED25A100D2FEC2 /* Debug */ = {
			isa = XCBuildConfiguration;
			buildSettings = {
				ASSETCATALOG_COMPILER_APPICON_NAME = AppIcon;
				ASSETCATALOG_COMPILER_GLOBAL_ACCENT_COLOR_NAME = AccentColor;
				CODE_SIGN_STYLE = Automatic;
				CURRENT_PROJECT_VERSION = 1;
				GENERATE_INFOPLIST_FILE = YES;
				INFOPLIST_FILE = eggTimer/Info.plist;
				INFOPLIST_KEY_UIApplicationSupportsIndirectInputEvents = YES;
				INFOPLIST_KEY_UILaunchStoryboardName = LaunchScreen;
				INFOPLIST_KEY_UIMainStoryboardFile = Main;
				INFOPLIST_KEY_UISupportedInterfaceOrientations_iPad = "UIInterfaceOrientationPortrait UIInterfaceOrientationPortraitUpsideDown UIInterfaceOrientationLandscapeLeft UIInterfaceOrientationLandscapeRight";
				INFOPLIST_KEY_UISupportedInterfaceOrientations_iPhone = "UIInterfaceOrientationPortrait UIInterfaceOrientationLandscapeLeft UIInterfaceOrientationLandscapeRight";
				LD_RUNPATH_SEARCH_PATHS = (
					"$(inherited)",
					"@executable_path/Frameworks",
				);
				MARKETING_VERSION = 1.0;
				PRODUCT_BUNDLE_IDENTIFIER = gunek.eggTimer;
				PRODUCT_NAME = "$(TARGET_NAME)";
				SWIFT_EMIT_LOC_STRINGS = YES;
				SWIFT_VERSION = 5.0;
				TARGETED_DEVICE_FAMILY = "1,2";
			};
			name = Debug;
		};
		178CFA8F2AED25A100D2FEC2 /* Release */ = {
			isa = XCBuildConfiguration;
			buildSettings = {
				ASSETCATALOG_COMPILER_APPICON_NAME = AppIcon;
				ASSETCATALOG_COMPILER_GLOBAL_ACCENT_COLOR_NAME = AccentColor;
				CODE_SIGN_STYLE = Automatic;
				CURRENT_PROJECT_VERSION = 1;
				GENERATE_INFOPLIST_FILE = YES;
				INFOPLIST_FILE = eggTimer/Info.plist;
				INFOPLIST_KEY_UIApplicationSupportsIndirectInputEvents = YES;
				INFOPLIST_KEY_UILaunchStoryboardName = LaunchScreen;
				INFOPLIST_KEY_UIMainStoryboardFile = Main;
				INFOPLIST_KEY_UISupportedInterfaceOrientations_iPad = "UIInterfaceOrientationPortrait UIInterfaceOrientationPortraitUpsideDown UIInterfaceOrientationLandscapeLeft UIInterfaceOrientationLandscapeRight";
				INFOPLIST_KEY_UISupportedInterfaceOrientations_iPhone = "UIInterfaceOrientationPortrait UIInterfaceOrientationLandscapeLeft UIInterfaceOrientationLandscapeRight";
				LD_RUNPATH_SEARCH_PATHS = (
					"$(inherited)",
					"@executable_path/Frameworks",
				);
				MARKETING_VERSION = 1.0;
				PRODUCT_BUNDLE_IDENTIFIER = gunek.eggTimer;
				PRODUCT_NAME = "$(TARGET_NAME)";
				SWIFT_EMIT_LOC_STRINGS = YES;
				SWIFT_VERSION = 5.0;
				TARGETED_DEVICE_FAMILY = "1,2";
			};
			name = Release;
		};
		178CFA912AED25A100D2FEC2 /* Debug */ = {
			isa = XCBuildConfiguration;
			buildSettings = {
				ALWAYS_EMBED_SWIFT_STANDARD_LIBRARIES = YES;
				BUNDLE_LOADER = "$(TEST_HOST)";
				CODE_SIGN_STYLE = Automatic;
				CURRENT_PROJECT_VERSION = 1;
				GENERATE_INFOPLIST_FILE = YES;
				IPHONEOS_DEPLOYMENT_TARGET = 17.0;
				MARKETING_VERSION = 1.0;
				PRODUCT_BUNDLE_IDENTIFIER = gunek.eggTimerTests;
				PRODUCT_NAME = "$(TARGET_NAME)";
				SWIFT_EMIT_LOC_STRINGS = NO;
				SWIFT_VERSION = 5.0;
				TARGETED_DEVICE_FAMILY = "1,2";
				TEST_HOST = "$(BUILT_PRODUCTS_DIR)/eggTimer.app/$(BUNDLE_EXECUTABLE_FOLDER_PATH)/eggTimer";
			};
			name = Debug;
		};
		178CFA922AED25A100D2FEC2 /* Release */ = {
			isa = XCBuildConfiguration;
			buildSettings = {
				ALWAYS_EMBED_SWIFT_STANDARD_LIBRARIES = YES;
				BUNDLE_LOADER = "$(TEST_HOST)";
				CODE_SIGN_STYLE = Automatic;
				CURRENT_PROJECT_VERSION = 1;
				GENERATE_INFOPLIST_FILE = YES;
				IPHONEOS_DEPLOYMENT_TARGET = 17.0;
				MARKETING_VERSION = 1.0;
				PRODUCT_BUNDLE_IDENTIFIER = gunek.eggTimerTests;
				PRODUCT_NAME = "$(TARGET_NAME)";
				SWIFT_EMIT_LOC_STRINGS = NO;
				SWIFT_VERSION = 5.0;
				TARGETED_DEVICE_FAMILY = "1,2";
				TEST_HOST = "$(BUILT_PRODUCTS_DIR)/eggTimer.app/$(BUNDLE_EXECUTABLE_FOLDER_PATH)/eggTimer";
			};
			name = Release;
		};
		178CFA942AED25A100D2FEC2 /* Debug */ = {
			isa = XCBuildConfiguration;
			buildSettings = {
				ALWAYS_EMBED_SWIFT_STANDARD_LIBRARIES = YES;
				CODE_SIGN_STYLE = Automatic;
				CURRENT_PROJECT_VERSION = 1;
				GENERATE_INFOPLIST_FILE = YES;
				MARKETING_VERSION = 1.0;
				PRODUCT_BUNDLE_IDENTIFIER = gunek.eggTimerUITests;
				PRODUCT_NAME = "$(TARGET_NAME)";
				SWIFT_EMIT_LOC_STRINGS = NO;
				SWIFT_VERSION = 5.0;
				TARGETED_DEVICE_FAMILY = "1,2";
				TEST_TARGET_NAME = eggTimer;
			};
			name = Debug;
		};
		178CFA952AED25A100D2FEC2 /* Release */ = {
			isa = XCBuildConfiguration;
			buildSettings = {
				ALWAYS_EMBED_SWIFT_STANDARD_LIBRARIES = YES;
				CODE_SIGN_STYLE = Automatic;
				CURRENT_PROJECT_VERSION = 1;
				GENERATE_INFOPLIST_FILE = YES;
				MARKETING_VERSION = 1.0;
				PRODUCT_BUNDLE_IDENTIFIER = gunek.eggTimerUITests;
				PRODUCT_NAME = "$(TARGET_NAME)";
				SWIFT_EMIT_LOC_STRINGS = NO;
				SWIFT_VERSION = 5.0;
				TARGETED_DEVICE_FAMILY = "1,2";
				TEST_TARGET_NAME = eggTimer;
			};
			name = Release;
		};
/* End XCBuildConfiguration section */

/* Begin XCConfigurationList section */
		178CFA5E2AED259F00D2FEC2 /* Build configuration list for PBXProject "eggTimer" */ = {
			isa = XCConfigurationList;
			buildConfigurations = (
				178CFA8B2AED25A100D2FEC2 /* Debug */,
				178CFA8C2AED25A100D2FEC2 /* Release */,
			);
			defaultConfigurationIsVisible = 0;
			defaultConfigurationName = Release;
		};
		178CFA8D2AED25A100D2FEC2 /* Build configuration list for PBXNativeTarget "eggTimer" */ = {
			isa = XCConfigurationList;
			buildConfigurations = (
				178CFA8E2AED25A100D2FEC2 /* Debug */,
				178CFA8F2AED25A100D2FEC2 /* Release */,
			);
			defaultConfigurationIsVisible = 0;
			defaultConfigurationName = Release;
		};
		178CFA902AED25A100D2FEC2 /* Build configuration list for PBXNativeTarget "eggTimerTests" */ = {
			isa = XCConfigurationList;
			buildConfigurations = (
				178CFA912AED25A100D2FEC2 /* Debug */,
				178CFA922AED25A100D2FEC2 /* Release */,
			);
			defaultConfigurationIsVisible = 0;
			defaultConfigurationName = Release;
		};
		178CFA932AED25A100D2FEC2 /* Build configuration list for PBXNativeTarget "eggTimerUITests" */ = {
			isa = XCConfigurationList;
			buildConfigurations = (
				178CFA942AED25A100D2FEC2 /* Debug */,
				178CFA952AED25A100D2FEC2 /* Release */,
			);
			defaultConfigurationIsVisible = 0;
			defaultConfigurationName = Release;
		};
/* End XCConfigurationList section */
	};
	rootObject = 178CFA5B2AED259F00D2FEC2 /* Project object */;
}
